
Microsoft Visual Studio Solution File, Format Version 11.00
# Visual Studio 2010
Project("{8BC9CEB8-8B4A-11D0-8D11-00A0C91BC942}") = "YJsonCpp", "YJsonCpp\YJsonCpp.vcxproj", "{C68BCCEF-A444-4F2D-A21C-8C4F26D9170F}"
EndProject
Project("{8BC9CEB8-8B4A-11D0-8D11-00A0C91BC942}") = "TestMFC", "TestMFC\TestMFC.vcxproj", "{B5681452-7572-4DF0-8ABF-20B1ABA011EE}"
	ProjectSection(ProjectDependencies) = postProject
		{7A280C03-A702-40D3-AE99-9ACDCC520519} = {7A280C03-A702-40D3-AE99-9ACDCC520519}
		{1742280D-89E8-451E-B617-E1F24FD42125} = {1742280D-89E8-451E-B617-E1F24FD42125}
		{E618E23A-0E25-4CAF-AD87-19132ACCBC78} = {E618E23A-0E25-4CAF-AD87-19132ACCBC78}
		{31A9B353-7C20-45CC-A90F-85CD286CF7FD} = {31A9B353-7C20-45CC-A90F-85CD286CF7FD}
		{3D579697-CBA7-4001-A7B4-712E09A4C9E9} = {3D579697-CBA7-4001-A7B4-712E09A4C9E9}
		{82085499-5B9A-4FA4-8C45-7C4B3502004F} = {82085499-5B9A-4FA4-8C45-7C4B3502004F}
		{C68BCCEF-A444-4F2D-A21C-8C4F26D9170F} = {C68BCCEF-A444-4F2D-A21C-8C4F26D9170F}
		{0C59A2F0-276F-483A-8294-0B3E19F3ACCB} = {0C59A2F0-276F-483A-8294-0B3E19F3ACCB}
	EndProjectSection
EndProject
Project("{8BC9CEB8-8B4A-11D0-8D11-00A0C91BC942}") = "YSerialPort", "YSerialPort\YSerialPort.vcxproj", "{31A9B353-7C20-45CC-A90F-85CD286CF7FD}"
EndProject
Project("{8BC9CEB8-8B4A-11D0-8D11-00A0C91BC942}") = "YDataType", "YDataType\YDataType.vcxproj", "{E618E23A-0E25-4CAF-AD87-19132ACCBC78}"
EndProject
Project("{8BC9CEB8-8B4A-11D0-8D11-00A0C91BC942}") = "YDataBase", "YDataBase\YDataBase.vcxproj", "{1742280D-89E8-451E-B617-E1F24FD42125}"
	ProjectSection(ProjectDependencies) = postProject
		{7A280C03-A702-40D3-AE99-9ACDCC520519} = {7A280C03-A702-40D3-AE99-9ACDCC520519}
		{E618E23A-0E25-4CAF-AD87-19132ACCBC78} = {E618E23A-0E25-4CAF-AD87-19132ACCBC78}
	EndProjectSection
EndProject
Project("{8BC9CEB8-8B4A-11D0-8D11-00A0C91BC942}") = "sqlite3", "sqlite3\sqlite3.vcxproj", "{7A280C03-A702-40D3-AE99-9ACDCC520519}"
EndProject
Project("{8BC9CEB8-8B4A-11D0-8D11-00A0C91BC942}") = "YCrypto", "YCrypto\YCrypto.vcxproj", "{82085499-5B9A-4FA4-8C45-7C4B3502004F}"
EndProject
Project("{8BC9CEB8-8B4A-11D0-8D11-00A0C91BC942}") = "YSystem", "YSystem\YSystem.vcxproj", "{3D579697-CBA7-4001-A7B4-712E09A4C9E9}"
EndProject
Project("{8BC9CEB8-8B4A-11D0-8D11-00A0C91BC942}") = "YNetwork", "YNetwork\YNetwork.vcxproj", "{0C59A2F0-276F-483A-8294-0B3E19F3ACCB}"
	ProjectSection(ProjectDependencies) = postProject
		{E618E23A-0E25-4CAF-AD87-19132ACCBC78} = {E618E23A-0E25-4CAF-AD87-19132ACCBC78}
	EndProjectSection
EndProject
Global
	GlobalSection(SolutionConfigurationPlatforms) = preSolution
		Debug|Win32 = Debug|Win32
		Release|Win32 = Release|Win32
	EndGlobalSection
	GlobalSection(ProjectConfigurationPlatforms) = postSolution
		{C68BCCEF-A444-4F2D-A21C-8C4F26D9170F}.Debug|Win32.ActiveCfg = Debug|Win32
		{C68BCCEF-A444-4F2D-A21C-8C4F26D9170F}.Debug|Win32.Build.0 = Debug|Win32
		{C68BCCEF-A444-4F2D-A21C-8C4F26D9170F}.Release|Win32.ActiveCfg = Release|Win32
		{C68BCCEF-A444-4F2D-A21C-8C4F26D9170F}.Release|Win32.Build.0 = Release|Win32
		{B5681452-7572-4DF0-8ABF-20B1ABA011EE}.Debug|Win32.ActiveCfg = Debug|Win32
		{B5681452-7572-4DF0-8ABF-20B1ABA011EE}.Debug|Win32.Build.0 = Debug|Win32
		{B5681452-7572-4DF0-8ABF-20B1ABA011EE}.Release|Win32.ActiveCfg = Release|Win32
		{B5681452-7572-4DF0-8ABF-20B1ABA011EE}.Release|Win32.Build.0 = Release|Win32
		{31A9B353-7C20-45CC-A90F-85CD286CF7FD}.Debug|Win32.ActiveCfg = Debug|Win32
		{31A9B353-7C20-45CC-A90F-85CD286CF7FD}.Debug|Win32.Build.0 = Debug|Win32
		{31A9B353-7C20-45CC-A90F-85CD286CF7FD}.Release|Win32.ActiveCfg = Release|Win32
		{31A9B353-7C20-45CC-A90F-85CD286CF7FD}.Release|Win32.Build.0 = Release|Win32
		{E618E23A-0E25-4CAF-AD87-19132ACCBC78}.Debug|Win32.ActiveCfg = Debug|Win32
		{E618E23A-0E25-4CAF-AD87-19132ACCBC78}.Debug|Win32.Build.0 = Debug|Win32
		{E618E23A-0E25-4CAF-AD87-19132ACCBC78}.Release|Win32.ActiveCfg = Release|Win32
		{E618E23A-0E25-4CAF-AD87-19132ACCBC78}.Release|Win32.Build.0 = Release|Win32
		{1742280D-89E8-451E-B617-E1F24FD42125}.Debug|Win32.ActiveCfg = Debug|Win32
		{1742280D-89E8-451E-B617-E1F24FD42125}.Debug|Win32.Build.0 = Debug|Win32
		{1742280D-89E8-451E-B617-E1F24FD42125}.Release|Win32.ActiveCfg = Release|Win32
		{1742280D-89E8-451E-B617-E1F24FD42125}.Release|Win32.Build.0 = Release|Win32
		{7A280C03-A702-40D3-AE99-9ACDCC520519}.Debug|Win32.ActiveCfg = Debug|Win32
		{7A280C03-A702-40D3-AE99-9ACDCC520519}.Debug|Win32.Build.0 = Debug|Win32
		{7A280C03-A702-40D3-AE99-9ACDCC520519}.Release|Win32.ActiveCfg = Release|Win32
		{7A280C03-A702-40D3-AE99-9ACDCC520519}.Release|Win32.Build.0 = Release|Win32
		{82085499-5B9A-4FA4-8C45-7C4B3502004F}.Debug|Win32.ActiveCfg = Debug|Win32
		{82085499-5B9A-4FA4-8C45-7C4B3502004F}.Debug|Win32.Build.0 = Debug|Win32
		{82085499-5B9A-4FA4-8C45-7C4B3502004F}.Release|Win32.ActiveCfg = Release|Win32
		{82085499-5B9A-4FA4-8C45-7C4B3502004F}.Release|Win32.Build.0 = Release|Win32
		{3D579697-CBA7-4001-A7B4-712E09A4C9E9}.Debug|Win32.ActiveCfg = Debug|Win32
		{3D579697-CBA7-4001-A7B4-712E09A4C9E9}.Debug|Win32.Build.0 = Debug|Win32
		{3D579697-CBA7-4001-A7B4-712E09A4C9E9}.Release|Win32.ActiveCfg = Release|Win32
		{3D579697-CBA7-4001-A7B4-712E09A4C9E9}.Release|Win32.Build.0 = Release|Win32
		{0C59A2F0-276F-483A-8294-0B3E19F3ACCB}.Debug|Win32.ActiveCfg = Debug|Win32
		{0C59A2F0-276F-483A-8294-0B3E19F3ACCB}.Debug|Win32.Build.0 = Debug|Win32
		{0C59A2F0-276F-483A-8294-0B3E19F3ACCB}.Release|Win32.ActiveCfg = Release|Win32
		{0C59A2F0-276F-483A-8294-0B3E19F3ACCB}.Release|Win32.Build.0 = Release|Win32
	EndGlobalSection
	GlobalSection(SolutionProperties) = preSolution
		HideSolutionNode = FALSE
	EndGlobalSection
EndGlobal
